
Microsoft Visual Studio Solution File, Format Version 12.00
# Visual Studio Version 17
VisualStudioVersion = 17.11.35219.272
MinimumVisualStudioVersion = 10.0.40219.1
Project("{FAE04EC0-301F-11D3-BF4B-00C04F79EFBC}") = "Inlämningsuppgifter-looper.2", "Inlämningsuppgifter-looper.2\Inlämningsuppgifter-looper.2.csproj", "{428C9E54-F6DF-4C45-9A8E-9B437F53E716}"
EndProject
Global
	GlobalSection(SolutionConfigurationPlatforms) = preSolution
		Debug|Any CPU = Debug|Any CPU
		Release|Any CPU = Release|Any CPU
	EndGlobalSection
	GlobalSection(ProjectConfigurationPlatforms) = postSolution
		{428C9E54-F6DF-4C45-9A8E-9B437F53E716}.Debug|Any CPU.ActiveCfg = Debug|Any CPU
		{428C9E54-F6DF-4C45-9A8E-9B437F53E716}.Debug|Any CPU.Build.0 = Debug|Any CPU
		{428C9E54-F6DF-4C45-9A8E-9B437F53E716}.Release|Any CPU.ActiveCfg = Release|Any CPU
		{428C9E54-F6DF-4C45-9A8E-9B437F53E716}.Release|Any CPU.Build.0 = Release|Any CPU
	EndGlobalSection
	GlobalSection(SolutionProperties) = preSolution
		HideSolutionNode = FALSE
	EndGlobalSection
	GlobalSection(ExtensibilityGlobals) = postSolution
		SolutionGuid = {ED59C715-A64F-4E0F-B330-8B5F85F76131}
	EndGlobalSection
EndGlobal
